
Microsoft Visual Studio Solution File, Format Version 12.00
# Visual Studio Version 16
VisualStudioVersion = 16.0.30114.105
MinimumVisualStudioVersion = 10.0.40219.1
Project("{9A19103F-16F7-4668-BE54-9A1E7A4F7556}") = "AfterschoolAgreement", "AfterschoolAgreement\AfterschoolAgreement.csproj", "{E9F69E0C-640D-4F14-A019-1FC42FA62A58}"
EndProject
Project("{9A19103F-16F7-4668-BE54-9A1E7A4F7556}") = "AirplaneTicket", "AirplaneTicket\AirplaneTicket.csproj", "{85E01319-573D-427A-8F6A-F76203257337}"
EndProject
Project("{9A19103F-16F7-4668-BE54-9A1E7A4F7556}") = "BankAccountStatement", "BankAccountStatement\BankAccountStatement.csproj", "{EBD6F520-BF33-44A6-9575-550720775878}"
EndProject
Project("{9A19103F-16F7-4668-BE54-9A1E7A4F7556}") = "BoardingPass", "BoardingPass\BoardingPass.csproj", "{D94BBA4A-6FA4-4EF8-89CC-AA4371450ED6}"
EndProject
Project("{9A19103F-16F7-4668-BE54-9A1E7A4F7556}") = "HouseRentalContract", "HouseRentalContract\HouseRentalContract.csproj", "{F20A86F8-6177-4ADE-8A88-4A1E53B1B351}"
EndProject
Project("{9A19103F-16F7-4668-BE54-9A1E7A4F7556}") = "LogBook", "LogBook\LogBook.csproj", "{424611EB-E822-42BC-B382-8039A155E525}"
EndProject
Project("{9A19103F-16F7-4668-BE54-9A1E7A4F7556}") = "MedicalBill", "MedicalBill\MedicalBill.csproj", "{5EB0F119-07D8-4671-BD0E-7CF49417161C}"
EndProject
Project("{9A19103F-16F7-4668-BE54-9A1E7A4F7556}") = "PaymentAgreement", "PaymentAgreement\PaymentAgreement.csproj", "{B3C97224-E164-46F2-9398-36633D01E63D}"
EndProject
Project("{9A19103F-16F7-4668-BE54-9A1E7A4F7556}") = "Receipt", "Receipt\Receipt.csproj", "{6C85DD55-9AB2-4BC1-9714-EC614C1D181D}"
EndProject
Project("{9A19103F-16F7-4668-BE54-9A1E7A4F7556}") = "RentalAgreement", "RentalAgreement\RentalAgreement.csproj", "{DF6DB5E6-B25C-4312-B816-A935689375CE}"
EndProject
Project("{9A19103F-16F7-4668-BE54-9A1E7A4F7556}") = "Resume", "Resume\Resume.csproj", "{5688B635-7970-4B07-B39D-008E0B6C58A2}"
EndProject
Project("{9A19103F-16F7-4668-BE54-9A1E7A4F7556}") = "TutorialC", "TutorialC\TutorialC.csproj", "{C4CF50C4-95D2-4DF6-8049-B0FCBFBE02F3}"
EndProject
Project("{9A19103F-16F7-4668-BE54-9A1E7A4F7556}") = "LabResults", "LabResults\LabResults.csproj", "{779DDC12-E676-4A98-9B5E-1F834AAA1ACB}"
EndProject
Project("{9A19103F-16F7-4668-BE54-9A1E7A4F7556}") = "TravelInsurance", "TravelInsurance\TravelInsurance.csproj", "{3E6A845E-12BB-406D-A65E-CFD030969D79}"
EndProject
Project("{9A19103F-16F7-4668-BE54-9A1E7A4F7556}") = "MedicationSchedule", "MedicationSchedule\MedicationSchedule.csproj", "{9227AACE-AF90-4EA0-90E6-0E69120ECAD4}"
EndProject
Project("{9A19103F-16F7-4668-BE54-9A1E7A4F7556}") = "ConcertTicket", "ConcertTicket\ConcertTicket.csproj", "{141859D0-E17B-4017-893E-29209B5279F2}"
EndProject
Project("{9A19103F-16F7-4668-BE54-9A1E7A4F7556}") = "WarehouseShipmentReport", "WarehouseShipmentReport\WarehouseShipmentReport.csproj", "{B2A67F77-95D3-42EB-932A-01715530D7CA}"
EndProject
Project("{9A19103F-16F7-4668-BE54-9A1E7A4F7556}") = "TradeConfirmation", "TradeConfirmation\TradeConfirmation.csproj", "{7042C6D8-F1F8-4303-98DA-C7F828A3690E}"
EndProject
Global
	GlobalSection(SolutionConfigurationPlatforms) = preSolution
		Debug|Any CPU = Debug|Any CPU
		Release|Any CPU = Release|Any CPU
	EndGlobalSection
	GlobalSection(ProjectConfigurationPlatforms) = postSolution
		{E9F69E0C-640D-4F14-A019-1FC42FA62A58}.Debug|Any CPU.ActiveCfg = Debug|Any CPU
		{E9F69E0C-640D-4F14-A019-1FC42FA62A58}.Debug|Any CPU.Build.0 = Debug|Any CPU
		{E9F69E0C-640D-4F14-A019-1FC42FA62A58}.Release|Any CPU.ActiveCfg = Release|Any CPU
		{E9F69E0C-640D-4F14-A019-1FC42FA62A58}.Release|Any CPU.Build.0 = Release|Any CPU
		{85E01319-573D-427A-8F6A-F76203257337}.Debug|Any CPU.ActiveCfg = Debug|Any CPU
		{85E01319-573D-427A-8F6A-F76203257337}.Debug|Any CPU.Build.0 = Debug|Any CPU
		{85E01319-573D-427A-8F6A-F76203257337}.Release|Any CPU.ActiveCfg = Release|Any CPU
		{85E01319-573D-427A-8F6A-F76203257337}.Release|Any CPU.Build.0 = Release|Any CPU
		{EBD6F520-BF33-44A6-9575-550720775878}.Debug|Any CPU.ActiveCfg = Debug|Any CPU
		{EBD6F520-BF33-44A6-9575-550720775878}.Debug|Any CPU.Build.0 = Debug|Any CPU
		{EBD6F520-BF33-44A6-9575-550720775878}.Release|Any CPU.ActiveCfg = Release|Any CPU
		{EBD6F520-BF33-44A6-9575-550720775878}.Release|Any CPU.Build.0 = Release|Any CPU
		{D94BBA4A-6FA4-4EF8-89CC-AA4371450ED6}.Debug|Any CPU.ActiveCfg = Debug|Any CPU
		{D94BBA4A-6FA4-4EF8-89CC-AA4371450ED6}.Debug|Any CPU.Build.0 = Debug|Any CPU
		{D94BBA4A-6FA4-4EF8-89CC-AA4371450ED6}.Release|Any CPU.ActiveCfg = Release|Any CPU
		{D94BBA4A-6FA4-4EF8-89CC-AA4371450ED6}.Release|Any CPU.Build.0 = Release|Any CPU
		{F20A86F8-6177-4ADE-8A88-4A1E53B1B351}.Debug|Any CPU.ActiveCfg = Debug|Any CPU
		{F20A86F8-6177-4ADE-8A88-4A1E53B1B351}.Debug|Any CPU.Build.0 = Debug|Any CPU
		{F20A86F8-6177-4ADE-8A88-4A1E53B1B351}.Release|Any CPU.ActiveCfg = Release|Any CPU
		{F20A86F8-6177-4ADE-8A88-4A1E53B1B351}.Release|Any CPU.Build.0 = Release|Any CPU
		{424611EB-E822-42BC-B382-8039A155E525}.Debug|Any CPU.ActiveCfg = Debug|Any CPU
		{424611EB-E822-42BC-B382-8039A155E525}.Debug|Any CPU.Build.0 = Debug|Any CPU
		{424611EB-E822-42BC-B382-8039A155E525}.Release|Any CPU.ActiveCfg = Release|Any CPU
		{424611EB-E822-42BC-B382-8039A155E525}.Release|Any CPU.Build.0 = Release|Any CPU
		{5EB0F119-07D8-4671-BD0E-7CF49417161C}.Debug|Any CPU.ActiveCfg = Debug|Any CPU
		{5EB0F119-07D8-4671-BD0E-7CF49417161C}.Debug|Any CPU.Build.0 = Debug|Any CPU
		{5EB0F119-07D8-4671-BD0E-7CF49417161C}.Release|Any CPU.ActiveCfg = Release|Any CPU
		{5EB0F119-07D8-4671-BD0E-7CF49417161C}.Release|Any CPU.Build.0 = Release|Any CPU
		{B3C97224-E164-46F2-9398-36633D01E63D}.Debug|Any CPU.ActiveCfg = Debug|Any CPU
		{B3C97224-E164-46F2-9398-36633D01E63D}.Debug|Any CPU.Build.0 = Debug|Any CPU
		{B3C97224-E164-46F2-9398-36633D01E63D}.Release|Any CPU.ActiveCfg = Release|Any CPU
		{B3C97224-E164-46F2-9398-36633D01E63D}.Release|Any CPU.Build.0 = Release|Any CPU
		{6C85DD55-9AB2-4BC1-9714-EC614C1D181D}.Debug|Any CPU.ActiveCfg = Debug|Any CPU
		{6C85DD55-9AB2-4BC1-9714-EC614C1D181D}.Debug|Any CPU.Build.0 = Debug|Any CPU
		{6C85DD55-9AB2-4BC1-9714-EC614C1D181D}.Release|Any CPU.ActiveCfg = Release|Any CPU
		{6C85DD55-9AB2-4BC1-9714-EC614C1D181D}.Release|Any CPU.Build.0 = Release|Any CPU
		{DF6DB5E6-B25C-4312-B816-A935689375CE}.Debug|Any CPU.ActiveCfg = Debug|Any CPU
		{DF6DB5E6-B25C-4312-B816-A935689375CE}.Debug|Any CPU.Build.0 = Debug|Any CPU
		{DF6DB5E6-B25C-4312-B816-A935689375CE}.Release|Any CPU.ActiveCfg = Release|Any CPU
		{DF6DB5E6-B25C-4312-B816-A935689375CE}.Release|Any CPU.Build.0 = Release|Any CPU
		{5688B635-7970-4B07-B39D-008E0B6C58A2}.Debug|Any CPU.ActiveCfg = Debug|Any CPU
		{5688B635-7970-4B07-B39D-008E0B6C58A2}.Debug|Any CPU.Build.0 = Debug|Any CPU
		{5688B635-7970-4B07-B39D-008E0B6C58A2}.Release|Any CPU.ActiveCfg = Release|Any CPU
		{5688B635-7970-4B07-B39D-008E0B6C58A2}.Release|Any CPU.Build.0 = Release|Any CPU
		{C4CF50C4-95D2-4DF6-8049-B0FCBFBE02F3}.Debug|Any CPU.ActiveCfg = Debug|Any CPU
		{C4CF50C4-95D2-4DF6-8049-B0FCBFBE02F3}.Debug|Any CPU.Build.0 = Debug|Any CPU
		{C4CF50C4-95D2-4DF6-8049-B0FCBFBE02F3}.Release|Any CPU.ActiveCfg = Release|Any CPU
		{C4CF50C4-95D2-4DF6-8049-B0FCBFBE02F3}.Release|Any CPU.Build.0 = Release|Any CPU
		{779DDC12-E676-4A98-9B5E-1F834AAA1ACB}.Debug|Any CPU.ActiveCfg = Debug|Any CPU
		{779DDC12-E676-4A98-9B5E-1F834AAA1ACB}.Debug|Any CPU.Build.0 = Debug|Any CPU
		{779DDC12-E676-4A98-9B5E-1F834AAA1ACB}.Release|Any CPU.ActiveCfg = Release|Any CPU
		{779DDC12-E676-4A98-9B5E-1F834AAA1ACB}.Release|Any CPU.Build.0 = Release|Any CPU
		{3E6A845E-12BB-406D-A65E-CFD030969D79}.Debug|Any CPU.ActiveCfg = Debug|Any CPU
		{3E6A845E-12BB-406D-A65E-CFD030969D79}.Debug|Any CPU.Build.0 = Debug|Any CPU
		{3E6A845E-12BB-406D-A65E-CFD030969D79}.Release|Any CPU.ActiveCfg = Release|Any CPU
		{3E6A845E-12BB-406D-A65E-CFD030969D79}.Release|Any CPU.Build.0 = Release|Any CPU
		{9227AACE-AF90-4EA0-90E6-0E69120ECAD4}.Debug|Any CPU.ActiveCfg = Debug|Any CPU
		{9227AACE-AF90-4EA0-90E6-0E69120ECAD4}.Debug|Any CPU.Build.0 = Debug|Any CPU
		{9227AACE-AF90-4EA0-90E6-0E69120ECAD4}.Release|Any CPU.ActiveCfg = Release|Any CPU
		{9227AACE-AF90-4EA0-90E6-0E69120ECAD4}.Release|Any CPU.Build.0 = Release|Any CPU
		{141859D0-E17B-4017-893E-29209B5279F2}.Debug|Any CPU.ActiveCfg = Debug|Any CPU
		{141859D0-E17B-4017-893E-29209B5279F2}.Debug|Any CPU.Build.0 = Debug|Any CPU
		{141859D0-E17B-4017-893E-29209B5279F2}.Release|Any CPU.ActiveCfg = Release|Any CPU
		{141859D0-E17B-4017-893E-29209B5279F2}.Release|Any CPU.Build.0 = Release|Any CPU
		{B2A67F77-95D3-42EB-932A-01715530D7CA}.Debug|Any CPU.ActiveCfg = Debug|Any CPU
		{B2A67F77-95D3-42EB-932A-01715530D7CA}.Debug|Any CPU.Build.0 = Debug|Any CPU
		{B2A67F77-95D3-42EB-932A-01715530D7CA}.Release|Any CPU.ActiveCfg = Release|Any CPU
		{B2A67F77-95D3-42EB-932A-01715530D7CA}.Release|Any CPU.Build.0 = Release|Any CPU
		{7042C6D8-F1F8-4303-98DA-C7F828A3690E}.Debug|Any CPU.ActiveCfg = Debug|Any CPU
		{7042C6D8-F1F8-4303-98DA-C7F828A3690E}.Debug|Any CPU.Build.0 = Debug|Any CPU
		{7042C6D8-F1F8-4303-98DA-C7F828A3690E}.Release|Any CPU.ActiveCfg = Release|Any CPU
		{7042C6D8-F1F8-4303-98DA-C7F828A3690E}.Release|Any CPU.Build.0 = Release|Any CPU
	EndGlobalSection
	GlobalSection(SolutionProperties) = preSolution
		HideSolutionNode = FALSE
	EndGlobalSection
	GlobalSection(ExtensibilityGlobals) = postSolution
		SolutionGuid = {C4A1B171-88A2-4542-992A-7FF27BE5B707}
	EndGlobalSection
EndGlobal
